
Microsoft Visual Studio Solution File, Format Version 12.00
# Visual Studio Version 17
VisualStudioVersion = 17.4.33205.214
MinimumVisualStudioVersion = 10.0.40219.1
Project("{9A19103F-16F7-4668-BE54-9A1E7A4F7556}") = "Solver", "Solver.csproj", "{6327F470-C8E8-4F2C-A8A4-084478EA654B}"
EndProject
Project("{FAE04EC0-301F-11D3-BF4B-00C04F79EFBC}") = "Solver.UnitTests", "..\Solver.UnitTests\Solver.UnitTests.csproj", "{8BDFF3D0-6ACF-48FF-A121-85C02A271FA7}"
EndProject
Global
	GlobalSection(SolutionConfigurationPlatforms) = preSolution
		Debug|Any CPU = Debug|Any CPU
		Release|Any CPU = Release|Any CPU
	EndGlobalSection
	GlobalSection(ProjectConfigurationPlatforms) = postSolution
		{6327F470-C8E8-4F2C-A8A4-084478EA654B}.Debug|Any CPU.ActiveCfg = Debug|Any CPU
		{6327F470-C8E8-4F2C-A8A4-084478EA654B}.Debug|Any CPU.Build.0 = Debug|Any CPU
		{6327F470-C8E8-4F2C-A8A4-084478EA654B}.Release|Any CPU.ActiveCfg = Release|Any CPU
		{6327F470-C8E8-4F2C-A8A4-084478EA654B}.Release|Any CPU.Build.0 = Release|Any CPU
		{8BDFF3D0-6ACF-48FF-A121-85C02A271FA7}.Debug|Any CPU.ActiveCfg = Debug|Any CPU
		{8BDFF3D0-6ACF-48FF-A121-85C02A271FA7}.Debug|Any CPU.Build.0 = Debug|Any CPU
		{8BDFF3D0-6ACF-48FF-A121-85C02A271FA7}.Release|Any CPU.ActiveCfg = Release|Any CPU
		{8BDFF3D0-6ACF-48FF-A121-85C02A271FA7}.Release|Any CPU.Build.0 = Release|Any CPU
	EndGlobalSection
	GlobalSection(SolutionProperties) = preSolution
		HideSolutionNode = FALSE
	EndGlobalSection
	GlobalSection(ExtensibilityGlobals) = postSolution
		SolutionGuid = {3944DF7B-4C4A-4AA1-9360-3EB3C2F53358}
	EndGlobalSection
EndGlobal
